// !$*UTF8*$!
{
	archiveVersion = 1;
	classes = {
	};
	objectVersion = 77;
	objects = {

/* Begin PBXBuildFile section */
		5F422AFA2FE66FD500BB5B9D /* AppDelegate.swift in Sources */ = {isa = PBXBuildFile; fileRef = 5F422AF92FE66FD500BB5B9D /* AppDelegate.swift */; };
		5F422AFC2FE66FD500BB5B9D /* SceneDelegate.swift in Sources */ = {isa = PBXBuildFile; fileRef = 5F422AFB2FE66FD500BB5B9D /* SceneDelegate.swift */; };
		5F422B032FE66FD700BB5B9D /* Assets.xcassets in Resources */ = {isa = PBXBuildFile; fileRef = 5F422B022FE66FD700BB5B9D /* Assets.xcassets */; };
		5F422B062FE66FD700BB5B9D /* LaunchScreen.storyboard in Resources */ = {isa = PBXBuildFile; fileRef = 5F422B042FE66FD700BB5B9D /* LaunchScreen.storyboard */; };
		5F9ED9102FE6A4A000250E3D /* CombineMoya in Frameworks */ = {isa = PBXBuildFile; productRef = 5F9ED90F2FE6A4A000250E3D /* CombineMoya */; };
		5F9ED9122FE6A4A000250E3D /* Moya in Frameworks */ = {isa = PBXBuildFile; productRef = 5F9ED9112FE6A4A000250E3D /* Moya */; };
		5F9ED9152FE6B18F00250E3D /* SnapKit in Frameworks */ = {isa = PBXBuildFile; productRef = 5F9ED9142FE6B18F00250E3D /* SnapKit */; };
		5F9ED9172FE6B18F00250E3D /* SnapKit-Dynamic in Frameworks */ = {isa = PBXBuildFile; productRef = 5F9ED9162FE6B18F00250E3D /* SnapKit-Dynamic */; };
		5F9ED91A2FE6B20000250E3D /* Swinject in Frameworks */ = {isa = PBXBuildFile; productRef = 5F9ED9192FE6B20000250E3D /* Swinject */; };
		5F9ED91D2FE6B2C600250E3D /* XCoordinator in Frameworks */ = {isa = PBXBuildFile; productRef = 5F9ED91C2FE6B2C600250E3D /* XCoordinator */; };
		5F9ED91F2FE6B2C600250E3D /* XCoordinatorCombine in Frameworks */ = {isa = PBXBuildFile; productRef = 5F9ED91E2FE6B2C600250E3D /* XCoordinatorCombine */; };
/* End PBXBuildFile section */

/* Begin PBXFileReference section */
		5F422AF62FE66FD500BB5B9D /* TestTask.app */ = {isa = PBXFileReference; explicitFileType = wrapper.application; includeInIndex = 0; path = TestTask.app; sourceTree = BUILT_PRODUCTS_DIR; };
		5F422AF92FE66FD500BB5B9D /* AppDelegate.swift */ = {isa = PBXFileReference; lastKnownFileType = sourcecode.swift; path = AppDelegate.swift; sourceTree = "<group>"; };
		5F422AFB2FE66FD500BB5B9D /* SceneDelegate.swift */ = {isa = PBXFileReference; lastKnownFileType = sourcecode.swift; path = SceneDelegate.swift; sourceTree = "<group>"; };
		5F422B022FE66FD700BB5B9D /* Assets.xcassets */ = {isa = PBXFileReference; lastKnownFileType = folder.assetcatalog; path = Assets.xcassets; sourceTree = "<group>"; };
		5F422B052FE66FD700BB5B9D /* Base */ = {isa = PBXFileReference; lastKnownFileType = file.storyboard; name = Base; path = Base.lproj/LaunchScreen.storyboard; sourceTree = "<group>"; };
		5F422B072FE66FD700BB5B9D /* Info.plist */ = {isa = PBXFileReference; lastKnownFileType = text.plist.xml; path = Info.plist; sourceTree = "<group>"; };
/* End PBXFileReference section */

/* Begin PBXFrameworksBuildPhase section */
		5F422AF32FE66FD500BB5B9D /* Frameworks */ = {
			isa = PBXFrameworksBuildPhase;
			buildActionMask = 2147483647;
			files = (
				5F9ED9152FE6B18F00250E3D /* SnapKit in Frameworks */,
				5F9ED91A2FE6B20000250E3D /* Swinject in Frameworks */,
				5F9ED9122FE6A4A000250E3D /* Moya in Frameworks */,
				5F9ED9102FE6A4A000250E3D /* CombineMoya in Frameworks */,
				5F9ED91F2FE6B2C600250E3D /* XCoordinatorCombine in Frameworks */,
				5F9ED91D2FE6B2C600250E3D /* XCoordinator in Frameworks */,
				5F9ED9172FE6B18F00250E3D /* SnapKit-Dynamic in Frameworks */,
			);
			runOnlyForDeploymentPostprocessing = 0;
		};
/* End PBXFrameworksBuildPhase section */

/* Begin PBXGroup section */
		5F422AED2FE66FD500BB5B9D = {
			isa = PBXGroup;
			children = (
				5F422B112FE68AE100BB5B9D /* Main */,
				5F422B0E2FE6801900BB5B9D /* Resources */,
				5F422B0F2FE6896000BB5B9D /* Support */,
				5F422AF72FE66FD500BB5B9D /* Products */,
			);
			sourceTree = "<group>";
		};
		5F422AF72FE66FD500BB5B9D /* Products */ = {
			isa = PBXGroup;
			children = (
				5F422AF62FE66FD500BB5B9D /* TestTask.app */,
			);
			name = Products;
			sourceTree = "<group>";
		};
		5F422B0E2FE6801900BB5B9D /* Resources */ = {
			isa = PBXGroup;
			children = (
				5F422B042FE66FD700BB5B9D /* LaunchScreen.storyboard */,
				5F422B022FE66FD700BB5B9D /* Assets.xcassets */,
			);
			path = Resources;
			sourceTree = "<group>";
		};
		5F422B0F2FE6896000BB5B9D /* Support */ = {
			isa = PBXGroup;
			children = (
				5F422B072FE66FD700BB5B9D /* Info.plist */,
			);
			path = Support;
			sourceTree = "<group>";
		};
		5F422B112FE68AE100BB5B9D /* Main */ = {
			isa = PBXGroup;
			children = (
				5F422AF92FE66FD500BB5B9D /* AppDelegate.swift */,
				5F422AFB2FE66FD500BB5B9D /* SceneDelegate.swift */,
			);
			path = Main;
			sourceTree = "<group>";
		};
/* End PBXGroup section */

/* Begin PBXNativeTarget section */
		5F422AF52FE66FD500BB5B9D /* TestTask */ = {
			isa = PBXNativeTarget;
			buildConfigurationList = 5F422B092FE66FD700BB5B9D /* Build configuration list for PBXNativeTarget "TestTask" */;
			buildPhases = (
				5F422AF22FE66FD500BB5B9D /* Sources */,
				5F422AF32FE66FD500BB5B9D /* Frameworks */,
				5F422AF42FE66FD500BB5B9D /* Resources */,
			);
			buildRules = (
			);
			dependencies = (
			);
			name = TestTask;
			packageProductDependencies = (
				5F9ED90F2FE6A4A000250E3D /* CombineMoya */,
				5F9ED9112FE6A4A000250E3D /* Moya */,
				5F9ED9142FE6B18F00250E3D /* SnapKit */,
				5F9ED9162FE6B18F00250E3D /* SnapKit-Dynamic */,
				5F9ED9192FE6B20000250E3D /* Swinject */,
				5F9ED91C2FE6B2C600250E3D /* XCoordinator */,
				5F9ED91E2FE6B2C600250E3D /* XCoordinatorCombine */,
			);
			productName = TestTask;
			productReference = 5F422AF62FE66FD500BB5B9D /* TestTask.app */;
			productType = "com.apple.product-type.application";
		};
/* End PBXNativeTarget section */

/* Begin PBXProject section */
		5F422AEE2FE66FD500BB5B9D /* Project object */ = {
			isa = PBXProject;
			attributes = {
				BuildIndependentTargetsInParallel = 1;
				LastSwiftUpdateCheck = 2650;
				LastUpgradeCheck = 2650;
				TargetAttributes = {
					5F422AF52FE66FD500BB5B9D = {
						CreatedOnToolsVersion = 26.5;
					};
				};
			};
			buildConfigurationList = 5F422AF12FE66FD500BB5B9D /* Build configuration list for PBXProject "TestTask" */;
			developmentRegion = en;
			hasScannedForEncodings = 0;
			knownRegions = (
				en,
				Base,
			);
			mainGroup = 5F422AED2FE66FD500BB5B9D;
			minimizedProjectReferenceProxies = 1;
			packageReferences = (
				5F9ED90E2FE6A4A000250E3D /* XCRemoteSwiftPackageReference "Moya" */,
				5F9ED9132FE6B18F00250E3D /* XCRemoteSwiftPackageReference "SnapKit" */,
				5F9ED9182FE6B20000250E3D /* XCRemoteSwiftPackageReference "Swinject" */,
				5F9ED91B2FE6B2C600250E3D /* XCRemoteSwiftPackageReference "XCoordinator" */,
			);
			preferredProjectObjectVersion = 77;
			productRefGroup = 5F422AF72FE66FD500BB5B9D /* Products */;
			projectDirPath = "";
			projectRoot = "";
			targets = (
				5F422AF52FE66FD500BB5B9D /* TestTask */,
			);
		};
/* End PBXProject section */

/* Begin PBXResourcesBuildPhase section */
		5F422AF42FE66FD500BB5B9D /* Resources */ = {
			isa = PBXResourcesBuildPhase;
			buildActionMask = 2147483647;
			files = (
				5F422B062FE66FD700BB5B9D /* LaunchScreen.storyboard in Resources */,
				5F422B032FE66FD700BB5B9D /* Assets.xcassets in Resources */,
			);
			runOnlyForDeploymentPostprocessing = 0;
		};
/* End PBXResourcesBuildPhase section */

/* Begin PBXSourcesBuildPhase section */
		5F422AF22FE66FD500BB5B9D /* Sources */ = {
			isa = PBXSourcesBuildPhase;
			buildActionMask = 2147483647;
			files = (
				5F422AFA2FE66FD500BB5B9D /* AppDelegate.swift in Sources */,
				5F422AFC2FE66FD500BB5B9D /* SceneDelegate.swift in Sources */,
			);
			runOnlyForDeploymentPostprocessing = 0;
		};
/* End PBXSourcesBuildPhase section */

/* Begin PBXVariantGroup section */
		5F422B042FE66FD700BB5B9D /* LaunchScreen.storyboard */ = {
			isa = PBXVariantGroup;
			children = (
				5F422B052FE66FD700BB5B9D /* Base */,
			);
			name = LaunchScreen.storyboard;
			sourceTree = "<group>";
		};
/* End PBXVariantGroup section */

/* Begin XCBuildConfiguration section */
		5F422B0A2FE66FD700BB5B9D /* Debug */ = {
			isa = XCBuildConfiguration;
			buildSettings = {
				ASSETCATALOG_COMPILER_APPICON_NAME = AppIcon;
				ASSETCATALOG_COMPILER_GLOBAL_ACCENT_COLOR_NAME = AccentColor;
				CODE_SIGN_STYLE = Automatic;
				CURRENT_PROJECT_VERSION = 1;
				GENERATE_INFOPLIST_FILE = YES;
				INFOPLIST_FILE = Support/Info.plist;
				INFOPLIST_KEY_UIApplicationSupportsIndirectInputEvents = YES;
				INFOPLIST_KEY_UILaunchStoryboardName = LaunchScreen;
				INFOPLIST_KEY_UIMainStoryboardFile = "";
				INFOPLIST_KEY_UISupportedInterfaceOrientations = UIInterfaceOrientationPortrait;
				LD_RUNPATH_SEARCH_PATHS = (
					"$(inherited)",
					"@executable_path/Frameworks",
				);
				MARKETING_VERSION = 1.0;
				PRODUCT_BUNDLE_IDENTIFIER = com.labs.fviu;
				PRODUCT_NAME = "$(TARGET_NAME)";
				STRING_CATALOG_GENERATE_SYMBOLS = YES;
				SWIFT_APPROACHABLE_CONCURRENCY = YES;
				SWIFT_DEFAULT_ACTOR_ISOLATION = MainActor;
				SWIFT_EMIT_LOC_STRINGS = YES;
				SWIFT_UPCOMING_FEATURE_MEMBER_IMPORT_VISIBILITY = YES;
				SWIFT_VERSION = 6.0;
				TARGETED_DEVICE_FAMILY = "1,2";
			};
			name = Debug;
		};
		5F422B0B2FE66FD700BB5B9D /* Release */ = {
			isa = XCBuildConfiguration;
			buildSettings = {
				ASSETCATALOG_COMPILER_APPICON_NAME = AppIcon;
				ASSETCATALOG_COMPILER_GLOBAL_ACCENT_COLOR_NAME = AccentColor;
				CODE_SIGN_STYLE = Automatic;
				CURRENT_PROJECT_VERSION = 1;
				GENERATE_INFOPLIST_FILE = YES;
				INFOPLIST_FILE = Support/Info.plist;
				INFOPLIST_KEY_UIApplicationSupportsIndirectInputEvents = YES;
				INFOPLIST_KEY_UILaunchStoryboardName = LaunchScreen;
				INFOPLIST_KEY_UIMainStoryboardFile = "";
				INFOPLIST_KEY_UISupportedInterfaceOrientations = UIInterfaceOrientationPortrait;
				LD_RUNPATH_SEARCH_PATHS = (
					"$(inherited)",
					"@executable_path/Frameworks",
				);
				MARKETING_VERSION = 1.0;
				PRODUCT_BUNDLE_IDENTIFIER = com.labs.fviu;
				PRODUCT_NAME = "$(TARGET_NAME)";
				STRING_CATALOG_GENERATE_SYMBOLS = YES;
				SWIFT_APPROACHABLE_CONCURRENCY = YES;
				SWIFT_DEFAULT_ACTOR_ISOLATION = MainActor;
				SWIFT_EMIT_LOC_STRINGS = YES;
				SWIFT_UPCOMING_FEATURE_MEMBER_IMPORT_VISIBILITY = YES;
				SWIFT_VERSION = 6.0;
				TARGETED_DEVICE_FAMILY = "1,2";
			};
			name = Release;
		};
		5F422B0C2FE66FD700BB5B9D /* Debug */ = {
			isa = XCBuildConfiguration;
			buildSettings = {
				ALWAYS_SEARCH_USER_PATHS = NO;
				ASSETCATALOG_COMPILER_GENERATE_SWIFT_ASSET_SYMBOL_EXTENSIONS = YES;
				CLANG_ANALYZER_NONNULL = YES;
				CLANG_ANALYZER_NUMBER_OBJECT_CONVERSION = YES_AGGRESSIVE;
				CLANG_CXX_LANGUAGE_STANDARD = "gnu++20";
				CLANG_ENABLE_MODULES = YES;
				CLANG_ENABLE_OBJC_ARC = YES;
				CLANG_ENABLE_OBJC_WEAK = YES;
				CLANG_WARN_BLOCK_CAPTURE_AUTORELEASING = YES;
				CLANG_WARN_BOOL_CONVERSION = YES;
				CLANG_WARN_COMMA = YES;
				CLANG_WARN_CONSTANT_CONVERSION = YES;
				CLANG_WARN_DEPRECATED_OBJC_IMPLEMENTATIONS = YES;
				CLANG_WARN_DIRECT_OBJC_ISA_USAGE = YES_ERROR;
				CLANG_WARN_DOCUMENTATION_COMMENTS = YES;
				CLANG_WARN_EMPTY_BODY = YES;
				CLANG_WARN_ENUM_CONVERSION = YES;
				CLANG_WARN_INFINITE_RECURSION = YES;
				CLANG_WARN_INT_CONVERSION = YES;
				CLANG_WARN_NON_LITERAL_NULL_CONVERSION = YES;
				CLANG_WARN_OBJC_IMPLICIT_RETAIN_SELF = YES;
				CLANG_WARN_OBJC_LITERAL_CONVERSION = YES;
				CLANG_WARN_OBJC_ROOT_CLASS = YES_ERROR;
				CLANG_WARN_QUOTED_INCLUDE_IN_FRAMEWORK_HEADER = YES;
				CLANG_WARN_RANGE_LOOP_ANALYSIS = YES;
				CLANG_WARN_STRICT_PROTOTYPES = YES;
				CLANG_WARN_SUSPICIOUS_MOVE = YES;
				CLANG_WARN_UNGUARDED_AVAILABILITY = YES_AGGRESSIVE;
				CLANG_WARN_UNREACHABLE_CODE = YES;
				CLANG_WARN__DUPLICATE_METHOD_MATCH = YES;
				COPY_PHASE_STRIP = NO;
				DEBUG_INFORMATION_FORMAT = dwarf;
				ENABLE_STRICT_OBJC_MSGSEND = YES;
				ENABLE_TESTABILITY = YES;
				ENABLE_USER_SCRIPT_SANDBOXING = YES;
				GCC_C_LANGUAGE_STANDARD = gnu17;
				GCC_DYNAMIC_NO_PIC = NO;
				GCC_NO_COMMON_BLOCKS = YES;
				GCC_OPTIMIZATION_LEVEL = 0;
				GCC_PREPROCESSOR_DEFINITIONS = (
					"DEBUG=1",
					"$(inherited)",
				);
				GCC_WARN_64_TO_32_BIT_CONVERSION = YES;
				GCC_WARN_ABOUT_RETURN_TYPE = YES_ERROR;
				GCC_WARN_UNDECLARED_SELECTOR = YES;
				GCC_WARN_UNINITIALIZED_AUTOS = YES_AGGRESSIVE;
				GCC_WARN_UNUSED_FUNCTION = YES;
				GCC_WARN_UNUSED_VARIABLE = YES;
				INFOPLIST_FILE = /Support/Info.plist;
				IPHONEOS_DEPLOYMENT_TARGET = 26.5;
				LOCALIZATION_PREFERS_STRING_CATALOGS = YES;
				MTL_ENABLE_DEBUG_INFO = INCLUDE_SOURCE;
				MTL_FAST_MATH = YES;
				ONLY_ACTIVE_ARCH = YES;
				SDKROOT = iphoneos;
				SWIFT_ACTIVE_COMPILATION_CONDITIONS = "DEBUG $(inherited)";
				SWIFT_OPTIMIZATION_LEVEL = "-Onone";
			};
			name = Debug;
		};
		5F422B0D2FE66FD700BB5B9D /* Release */ = {
			isa = XCBuildConfiguration;
			buildSettings = {
				ALWAYS_SEARCH_USER_PATHS = NO;
				ASSETCATALOG_COMPILER_GENERATE_SWIFT_ASSET_SYMBOL_EXTENSIONS = YES;
				CLANG_ANALYZER_NONNULL = YES;
				CLANG_ANALYZER_NUMBER_OBJECT_CONVERSION = YES_AGGRESSIVE;
				CLANG_CXX_LANGUAGE_STANDARD = "gnu++20";
				CLANG_ENABLE_MODULES = YES;
				CLANG_ENABLE_OBJC_ARC = YES;
				CLANG_ENABLE_OBJC_WEAK = YES;
				CLANG_WARN_BLOCK_CAPTURE_AUTORELEASING = YES;
				CLANG_WARN_BOOL_CONVERSION = YES;
				CLANG_WARN_COMMA = YES;
				CLANG_WARN_CONSTANT_CONVERSION = YES;
				CLANG_WARN_DEPRECATED_OBJC_IMPLEMENTATIONS = YES;
				CLANG_WARN_DIRECT_OBJC_ISA_USAGE = YES_ERROR;
				CLANG_WARN_DOCUMENTATION_COMMENTS = YES;
				CLANG_WARN_EMPTY_BODY = YES;
				CLANG_WARN_ENUM_CONVERSION = YES;
				CLANG_WARN_INFINITE_RECURSION = YES;
				CLANG_WARN_INT_CONVERSION = YES;
				CLANG_WARN_NON_LITERAL_NULL_CONVERSION = YES;
				CLANG_WARN_OBJC_IMPLICIT_RETAIN_SELF = YES;
				CLANG_WARN_OBJC_LITERAL_CONVERSION = YES;
				CLANG_WARN_OBJC_ROOT_CLASS = YES_ERROR;
				CLANG_WARN_QUOTED_INCLUDE_IN_FRAMEWORK_HEADER = YES;
				CLANG_WARN_RANGE_LOOP_ANALYSIS = YES;
				CLANG_WARN_STRICT_PROTOTYPES = YES;
				CLANG_WARN_SUSPICIOUS_MOVE = YES;
				CLANG_WARN_UNGUARDED_AVAILABILITY = YES_AGGRESSIVE;
				CLANG_WARN_UNREACHABLE_CODE = YES;
				CLANG_WARN__DUPLICATE_METHOD_MATCH = YES;
				COPY_PHASE_STRIP = NO;
				DEBUG_INFORMATION_FORMAT = "dwarf-with-dsym";
				ENABLE_NS_ASSERTIONS = NO;
				ENABLE_STRICT_OBJC_MSGSEND = YES;
				ENABLE_USER_SCRIPT_SANDBOXING = YES;
				GCC_C_LANGUAGE_STANDARD = gnu17;
				GCC_NO_COMMON_BLOCKS = YES;
				GCC_WARN_64_TO_32_BIT_CONVERSION = YES;
				GCC_WARN_ABOUT_RETURN_TYPE = YES_ERROR;
				GCC_WARN_UNDECLARED_SELECTOR = YES;
				GCC_WARN_UNINITIALIZED_AUTOS = YES_AGGRESSIVE;
				GCC_WARN_UNUSED_FUNCTION = YES;
				GCC_WARN_UNUSED_VARIABLE = YES;
				INFOPLIST_FILE = /Support/Info.plist;
				IPHONEOS_DEPLOYMENT_TARGET = 26.5;
				LOCALIZATION_PREFERS_STRING_CATALOGS = YES;
				MTL_ENABLE_DEBUG_INFO = NO;
				MTL_FAST_MATH = YES;
				SDKROOT = iphoneos;
				SWIFT_COMPILATION_MODE = wholemodule;
				VALIDATE_PRODUCT = YES;
			};
			name = Release;
		};
/* End XCBuildConfiguration section */

/* Begin XCConfigurationList section */
		5F422AF12FE66FD500BB5B9D /* Build configuration list for PBXProject "TestTask" */ = {
			isa = XCConfigurationList;
			buildConfigurations = (
				5F422B0C2FE66FD700BB5B9D /* Debug */,
				5F422B0D2FE66FD700BB5B9D /* Release */,
			);
			defaultConfigurationIsVisible = 0;
			defaultConfigurationName = Release;
		};
		5F422B092FE66FD700BB5B9D /* Build configuration list for PBXNativeTarget "TestTask" */ = {
			isa = XCConfigurationList;
			buildConfigurations = (
				5F422B0A2FE66FD700BB5B9D /* Debug */,
				5F422B0B2FE66FD700BB5B9D /* Release */,
			);
			defaultConfigurationIsVisible = 0;
			defaultConfigurationName = Release;
		};
/* End XCConfigurationList section */

/* Begin XCRemoteSwiftPackageReference section */
		5F9ED90E2FE6A4A000250E3D /* XCRemoteSwiftPackageReference "Moya" */ = {
			isa = XCRemoteSwiftPackageReference;
			repositoryURL = "https://github.com/Moya/Moya";
			requirement = {
				kind = upToNextMajorVersion;
				minimumVersion = 15.0.3;
			};
		};
		5F9ED9132FE6B18F00250E3D /* XCRemoteSwiftPackageReference "SnapKit" */ = {
			isa = XCRemoteSwiftPackageReference;
			repositoryURL = "https://github.com/SnapKit/SnapKit";
			requirement = {
				kind = upToNextMajorVersion;
				minimumVersion = 6.0.0;
			};
		};
		5F9ED9182FE6B20000250E3D /* XCRemoteSwiftPackageReference "Swinject" */ = {
			isa = XCRemoteSwiftPackageReference;
			repositoryURL = "https://github.com/Swinject/Swinject";
			requirement = {
				kind = upToNextMajorVersion;
				minimumVersion = 2.10.0;
			};
		};
		5F9ED91B2FE6B2C600250E3D /* XCRemoteSwiftPackageReference "XCoordinator" */ = {
			isa = XCRemoteSwiftPackageReference;
			repositoryURL = "https://github.com/QuickBirdEng/XCoordinator";
			requirement = {
				kind = upToNextMajorVersion;
				minimumVersion = 2.2.1;
			};
		};
/* End XCRemoteSwiftPackageReference section */

/* Begin XCSwiftPackageProductDependency section */
		5F9ED90F2FE6A4A000250E3D /* CombineMoya */ = {
			isa = XCSwiftPackageProductDependency;
			package = 5F9ED90E2FE6A4A000250E3D /* XCRemoteSwiftPackageReference "Moya" */;
			productName = CombineMoya;
		};
		5F9ED9112FE6A4A000250E3D /* Moya */ = {
			isa = XCSwiftPackageProductDependency;
			package = 5F9ED90E2FE6A4A000250E3D /* XCRemoteSwiftPackageReference "Moya" */;
			productName = Moya;
		};
		5F9ED9142FE6B18F00250E3D /* SnapKit */ = {
			isa = XCSwiftPackageProductDependency;
			package = 5F9ED9132FE6B18F00250E3D /* XCRemoteSwiftPackageReference "SnapKit" */;
			productName = SnapKit;
		};
		5F9ED9162FE6B18F00250E3D /* SnapKit-Dynamic */ = {
			isa = XCSwiftPackageProductDependency;
			package = 5F9ED9132FE6B18F00250E3D /* XCRemoteSwiftPackageReference "SnapKit" */;
			productName = "SnapKit-Dynamic";
		};
		5F9ED9192FE6B20000250E3D /* Swinject */ = {
			isa = XCSwiftPackageProductDependency;
			package = 5F9ED9182FE6B20000250E3D /* XCRemoteSwiftPackageReference "Swinject" */;
			productName = Swinject;
		};
		5F9ED91C2FE6B2C600250E3D /* XCoordinator */ = {
			isa = XCSwiftPackageProductDependency;
			package = 5F9ED91B2FE6B2C600250E3D /* XCRemoteSwiftPackageReference "XCoordinator" */;
			productName = XCoordinator;
		};
		5F9ED91E2FE6B2C600250E3D /* XCoordinatorCombine */ = {
			isa = XCSwiftPackageProductDependency;
			package = 5F9ED91B2FE6B2C600250E3D /* XCRemoteSwiftPackageReference "XCoordinator" */;
			productName = XCoordinatorCombine;
		};
/* End XCSwiftPackageProductDependency section */
	};
	rootObject = 5F422AEE2FE66FD500BB5B9D /* Project object */;
}
